
Microsoft Visual Studio Solution File, Format Version 12.00
# Visual Studio Version 16
VisualStudioVersion = 16.0.30204.135
MinimumVisualStudioVersion = 10.0.40219.1
Project("{9A19103F-16F7-4668-BE54-9A1E7A4F7556}") = "VideoCourseAPI", "VideoCourseApi\VideoCourseAPI.csproj", "{08B92E20-3C5A-4631-B937-9DAF59F5B0EA}"
EndProject
Global
	GlobalSection(SolutionConfigurationPlatforms) = preSolution
		Debug|Any CPU = Debug|Any CPU
		Release|Any CPU = Release|Any CPU
	EndGlobalSection
	GlobalSection(ProjectConfigurationPlatforms) = postSolution
		{08B92E20-3C5A-4631-B937-9DAF59F5B0EA}.Debug|Any CPU.ActiveCfg = Debug|Any CPU
		{08B92E20-3C5A-4631-B937-9DAF59F5B0EA}.Debug|Any CPU.Build.0 = Debug|Any CPU
		{08B92E20-3C5A-4631-B937-9DAF59F5B0EA}.Release|Any CPU.ActiveCfg = Release|Any CPU
		{08B92E20-3C5A-4631-B937-9DAF59F5B0EA}.Release|Any CPU.Build.0 = Release|Any CPU
	EndGlobalSection
	GlobalSection(SolutionProperties) = preSolution
		HideSolutionNode = FALSE
	EndGlobalSection
	GlobalSection(ExtensibilityGlobals) = postSolution
		SolutionGuid = {147058E9-50E6-4849-897A-127CCD6C97CE}
	EndGlobalSection
EndGlobal
